{
  "object": {
    "pins": [
      {
        "package": "Path.swift",
        "repositoryURL": "https://github.com/mxcl/Path.swift.git",
        "state": {
          "branch": null,
          "revision": "dac007e907a4f4c565cfdc55a9ce148a761a11d5",
          "version": "0.16.3"
        }
      },
      {
        "package": "ShellOut",
        "repositoryURL": "https://github.com/JohnSundell/ShellOut.git",
        "state": {
          "branch": null,
          "revision": "4ebf25863deb9c3c02696704fc3d39736183f258",
          "version": "2.2.1"
        }
      },
      {
        "package": "Yaap",
        "repositoryURL": "https://github.com/hartbit/Yaap.git",
        "state": {
          "branch": null,
          "revision": "90011c31147671d9ebabfcfc3241df6a7fdbcb99",
          "version": "1.0.0"
        }
      }
    ]
  },
  "version": 1
}
