{
  "object": {
    "pins": [
      {
        "package": "Parser",
        "repositoryURL": "https://github.com/finestructure/Parser",
        "state": {
          "branch": null,
          "revision": "08c718279b757dd40d8ce05c3d15ec1a76eab53e",
          "version": "0.2.0"
        }
      },
      {
        "package": "Path.swift",
        "repositoryURL": "https://github.com/mxcl/Path.swift.git",
        "state": {
          "branch": null,
          "revision": "142d4bc1118602f3679c777d2e0da89c227cd918",
          "version": "1.2.0"
        }
      },
      {
        "package": "SemanticVersion",
        "repositoryURL": "https://github.com/SwiftPackageIndex/SemanticVersion",
        "state": {
          "branch": null,
          "revision": "97f2bd0551cde27717c5ab7b88e23d392e96452b",
          "version": "0.3.1"
        }
      },
      {
        "package": "ShellOut",
        "repositoryURL": "https://github.com/JohnSundell/ShellOut.git",
        "state": {
          "branch": null,
          "revision": "e1577acf2b6e90086d01a6d5e2b8efdaae033568",
          "version": "2.3.0"
        }
      },
      {
        "package": "swift-argument-parser",
        "repositoryURL": "https://github.com/apple/swift-argument-parser",
        "state": {
          "branch": null,
          "revision": "92646c0cdbaca076c8d3d0207891785b3379cbff",
          "version": "0.3.1"
        }
      },
      {
        "package": "SnapshotTesting",
        "repositoryURL": "https://github.com/pointfreeco/swift-snapshot-testing.git",
        "state": {
          "branch": null,
          "revision": "c466812aa2e22898f27557e2e780d3aad7a27203",
          "version": "1.8.2"
        }
      }
    ]
  },
  "version": 1
}
